
Microsoft Visual Studio Solution File, Format Version 12.00
# Visual Studio Version 17
VisualStudioVersion = 17.2.32519.379
MinimumVisualStudioVersion = 10.0.40219.1
Project("{FAE04EC0-301F-11D3-BF4B-00C04F79EFBC}") = "FilmGise", "FilmGise.csproj", "{047ED840-23AE-4969-B30E-8BA050D1CA9D}"
EndProject
Global
	GlobalSection(SolutionConfigurationPlatforms) = preSolution
		Debug|Any CPU = Debug|Any CPU
		Release|Any CPU = Release|Any CPU
	EndGlobalSection
	GlobalSection(ProjectConfigurationPlatforms) = postSolution
		{047ED840-23AE-4969-B30E-8BA050D1CA9D}.Debug|Any CPU.ActiveCfg = Debug|Any CPU
		{047ED840-23AE-4969-B30E-8BA050D1CA9D}.Debug|Any CPU.Build.0 = Debug|Any CPU
		{047ED840-23AE-4969-B30E-8BA050D1CA9D}.Release|Any CPU.ActiveCfg = Release|Any CPU
		{047ED840-23AE-4969-B30E-8BA050D1CA9D}.Release|Any CPU.Build.0 = Release|Any CPU
	EndGlobalSection
	GlobalSection(SolutionProperties) = preSolution
		HideSolutionNode = FALSE
	EndGlobalSection
	GlobalSection(ExtensibilityGlobals) = postSolution
		SolutionGuid = {84AA14AC-C4D1-487C-866F-97AE443FE912}
	EndGlobalSection
EndGlobal
